// !$*UTF8*$!
{
	archiveVersion = 1;
	classes = {
	};
	objectVersion = 77;
	objects = {

/* Begin PBXBuildFile section */
		08374A362FC2F04C00C98EA2 /* README.md in Resources */ = {isa = PBXBuildFile; fileRef = 08374A352FC2F04000C98EA2 /* README.md */; };
		0865AFB62FB9802C00F0622B /* FirebaseAnalytics in Frameworks */ = {isa = PBXBuildFile; productRef = 0865AFB52FB9802C00F0622B /* FirebaseAnalytics */; };
		0865AFB82FB9802C00F0622B /* FirebaseAnalyticsOnDeviceConversion in Frameworks */ = {isa = PBXBuildFile; productRef = 0865AFB72FB9802C00F0622B /* FirebaseAnalyticsOnDeviceConversion */; };
		0865AFBA2FB9802C00F0622B /* FirebaseAnalyticsWithoutAdIdSupport in Frameworks */ = {isa = PBXBuildFile; productRef = 0865AFB92FB9802C00F0622B /* FirebaseAnalyticsWithoutAdIdSupport */; };
		0865AFBC2FB9802C00F0622B /* FirebaseAppCheck in Frameworks */ = {isa = PBXBuildFile; productRef = 0865AFBB2FB9802C00F0622B /* FirebaseAppCheck */; };
		0865AFBE2FB9802C00F0622B /* FirebaseAppDistribution-Beta in Frameworks */ = {isa = PBXBuildFile; productRef = 0865AFBD2FB9802C00F0622B /* FirebaseAppDistribution-Beta */; };
		0865AFC02FB9802C00F0622B /* FirebaseAuth in Frameworks */ = {isa = PBXBuildFile; productRef = 0865AFBF2FB9802C00F0622B /* FirebaseAuth */; };
		0865AFC22FB9802C00F0622B /* FirebaseAuthCombine-Community in Frameworks */ = {isa = PBXBuildFile; productRef = 0865AFC12FB9802C00F0622B /* FirebaseAuthCombine-Community */; };
		0865AFC42FB9802C00F0622B /* FirebaseCore in Frameworks */ = {isa = PBXBuildFile; productRef = 0865AFC32FB9802C00F0622B /* FirebaseCore */; };
		0865AFC62FB9802C00F0622B /* FirebaseCrashlytics in Frameworks */ = {isa = PBXBuildFile; productRef = 0865AFC52FB9802C00F0622B /* FirebaseCrashlytics */; };
		0865AFC82FB9802C00F0622B /* FirebaseDatabase in Frameworks */ = {isa = PBXBuildFile; productRef = 0865AFC72FB9802C00F0622B /* FirebaseDatabase */; };
		0865AFCA2FB9802C00F0622B /* FirebaseDynamicLinks in Frameworks */ = {isa = PBXBuildFile; productRef = 0865AFC92FB9802C00F0622B /* FirebaseDynamicLinks */; };
		0865AFCC2FB9802C00F0622B /* FirebaseFirestore in Frameworks */ = {isa = PBXBuildFile; productRef = 0865AFCB2FB9802C00F0622B /* FirebaseFirestore */; };
		0865AFCE2FB9802C00F0622B /* FirebaseFirestoreCombine-Community in Frameworks */ = {isa = PBXBuildFile; productRef = 0865AFCD2FB9802C00F0622B /* FirebaseFirestoreCombine-Community */; };
		0865AFD02FB9802C00F0622B /* FirebaseFunctions in Frameworks */ = {isa = PBXBuildFile; productRef = 0865AFCF2FB9802C00F0622B /* FirebaseFunctions */; };
		0865AFD22FB9802C00F0622B /* FirebaseFunctionsCombine-Community in Frameworks */ = {isa = PBXBuildFile; productRef = 0865AFD12FB9802C00F0622B /* FirebaseFunctionsCombine-Community */; };
		0865AFD42FB9802C00F0622B /* FirebaseInAppMessaging-Beta in Frameworks */ = {isa = PBXBuildFile; productRef = 0865AFD32FB9802C00F0622B /* FirebaseInAppMessaging-Beta */; };
		0865AFD62FB9802C00F0622B /* FirebaseInstallations in Frameworks */ = {isa = PBXBuildFile; productRef = 0865AFD52FB9802C00F0622B /* FirebaseInstallations */; };
		0865AFD82FB9802C00F0622B /* FirebaseMLModelDownloader in Frameworks */ = {isa = PBXBuildFile; productRef = 0865AFD72FB9802C00F0622B /* FirebaseMLModelDownloader */; };
		0865AFDA2FB9802C00F0622B /* FirebaseMessaging in Frameworks */ = {isa = PBXBuildFile; productRef = 0865AFD92FB9802C00F0622B /* FirebaseMessaging */; };
		0865AFDC2FB9802C00F0622B /* FirebasePerformance in Frameworks */ = {isa = PBXBuildFile; productRef = 0865AFDB2FB9802C00F0622B /* FirebasePerformance */; };
		0865AFDE2FB9802D00F0622B /* FirebaseRemoteConfig in Frameworks */ = {isa = PBXBuildFile; productRef = 0865AFDD2FB9802D00F0622B /* FirebaseRemoteConfig */; };
		0865AFE02FB9802D00F0622B /* FirebaseStorage in Frameworks */ = {isa = PBXBuildFile; productRef = 0865AFDF2FB9802D00F0622B /* FirebaseStorage */; };
		0865AFE22FB9802D00F0622B /* FirebaseStorageCombine-Community in Frameworks */ = {isa = PBXBuildFile; productRef = 0865AFE12FB9802D00F0622B /* FirebaseStorageCombine-Community */; };
		0865AFE42FB9802D00F0622B /* FirebaseVertexAI in Frameworks */ = {isa = PBXBuildFile; productRef = 0865AFE32FB9802D00F0622B /* FirebaseVertexAI */; };
/* End PBXBuildFile section */

/* Begin PBXFileReference section */
		08374A352FC2F04000C98EA2 /* README.md */ = {isa = PBXFileReference; lastKnownFileType = net.daringfireball.markdown; path = README.md; sourceTree = "<group>"; };
		0865AF982FB9726800F0622B /* FIRST_IOS_APP.app */ = {isa = PBXFileReference; explicitFileType = wrapper.application; includeInIndex = 0; path = FIRST_IOS_APP.app; sourceTree = BUILT_PRODUCTS_DIR; };
/* End PBXFileReference section */

/* Begin PBXFileSystemSynchronizedBuildFileExceptionSet section */
		0865AFAA2FB9726A00F0622B /* Exceptions for "FIRST_IOS_APP" folder in "FIRST_IOS_APP" target */ = {
			isa = PBXFileSystemSynchronizedBuildFileExceptionSet;
			membershipExceptions = (
				Info.plist,
			);
			target = 0865AF972FB9726800F0622B /* FIRST_IOS_APP */;
		};
/* End PBXFileSystemSynchronizedBuildFileExceptionSet section */

/* Begin PBXFileSystemSynchronizedRootGroup section */
		0865AF9A2FB9726800F0622B /* FIRST_IOS_APP */ = {
			isa = PBXFileSystemSynchronizedRootGroup;
			exceptions = (
				0865AFAA2FB9726A00F0622B /* Exceptions for "FIRST_IOS_APP" folder in "FIRST_IOS_APP" target */,
			);
			path = FIRST_IOS_APP;
			sourceTree = "<group>";
		};
/* End PBXFileSystemSynchronizedRootGroup section */

/* Begin PBXFrameworksBuildPhase section */
		0865AF952FB9726800F0622B /* Frameworks */ = {
			isa = PBXFrameworksBuildPhase;
			buildActionMask = 2147483647;
			files = (
				0865AFCE2FB9802C00F0622B /* FirebaseFirestoreCombine-Community in Frameworks */,
				0865AFE42FB9802D00F0622B /* FirebaseVertexAI in Frameworks */,
				0865AFD02FB9802C00F0622B /* FirebaseFunctions in Frameworks */,
				0865AFDC2FB9802C00F0622B /* FirebasePerformance in Frameworks */,
				0865AFE22FB9802D00F0622B /* FirebaseStorageCombine-Community in Frameworks */,
				0865AFDE2FB9802D00F0622B /* FirebaseRemoteConfig in Frameworks */,
				0865AFC82FB9802C00F0622B /* FirebaseDatabase in Frameworks */,
				0865AFCA2FB9802C00F0622B /* FirebaseDynamicLinks in Frameworks */,
				0865AFBC2FB9802C00F0622B /* FirebaseAppCheck in Frameworks */,
				0865AFC02FB9802C00F0622B /* FirebaseAuth in Frameworks */,
				0865AFB62FB9802C00F0622B /* FirebaseAnalytics in Frameworks */,
				0865AFCC2FB9802C00F0622B /* FirebaseFirestore in Frameworks */,
				0865AFDA2FB9802C00F0622B /* FirebaseMessaging in Frameworks */,
				0865AFD62FB9802C00F0622B /* FirebaseInstallations in Frameworks */,
				0865AFD22FB9802C00F0622B /* FirebaseFunctionsCombine-Community in Frameworks */,
				0865AFBE2FB9802C00F0622B /* FirebaseAppDistribution-Beta in Frameworks */,
				0865AFBA2FB9802C00F0622B /* FirebaseAnalyticsWithoutAdIdSupport in Frameworks */,
				0865AFD42FB9802C00F0622B /* FirebaseInAppMessaging-Beta in Frameworks */,
				0865AFC22FB9802C00F0622B /* FirebaseAuthCombine-Community in Frameworks */,
				0865AFC62FB9802C00F0622B /* FirebaseCrashlytics in Frameworks */,
				0865AFD82FB9802C00F0622B /* FirebaseMLModelDownloader in Frameworks */,
				0865AFE02FB9802D00F0622B /* FirebaseStorage in Frameworks */,
				0865AFC42FB9802C00F0622B /* FirebaseCore in Frameworks */,
				0865AFB82FB9802C00F0622B /* FirebaseAnalyticsOnDeviceConversion in Frameworks */,
			);
			runOnlyForDeploymentPostprocessing = 0;
		};
/* End PBXFrameworksBuildPhase section */

/* Begin PBXGroup section */
		0865AF8F2FB9726800F0622B = {
			isa = PBXGroup;
			children = (
				08374A352FC2F04000C98EA2 /* README.md */,
				0865AF9A2FB9726800F0622B /* FIRST_IOS_APP */,
				0865AF992FB9726800F0622B /* Products */,
			);
			sourceTree = "<group>";
		};
		0865AF992FB9726800F0622B /* Products */ = {
			isa = PBXGroup;
			children = (
				0865AF982FB9726800F0622B /* FIRST_IOS_APP.app */,
			);
			name = Products;
			sourceTree = "<group>";
		};
/* End PBXGroup section */

/* Begin PBXNativeTarget section */
		0865AF972FB9726800F0622B /* FIRST_IOS_APP */ = {
			isa = PBXNativeTarget;
			buildConfigurationList = 0865AFAB2FB9726A00F0622B /* Build configuration list for PBXNativeTarget "FIRST_IOS_APP" */;
			buildPhases = (
				0865AF942FB9726800F0622B /* Sources */,
				0865AF952FB9726800F0622B /* Frameworks */,
				0865AF962FB9726800F0622B /* Resources */,
			);
			buildRules = (
			);
			dependencies = (
			);
			fileSystemSynchronizedGroups = (
				0865AF9A2FB9726800F0622B /* FIRST_IOS_APP */,
			);
			name = FIRST_IOS_APP;
			packageProductDependencies = (
				0865AFB52FB9802C00F0622B /* FirebaseAnalytics */,
				0865AFB72FB9802C00F0622B /* FirebaseAnalyticsOnDeviceConversion */,
				0865AFB92FB9802C00F0622B /* FirebaseAnalyticsWithoutAdIdSupport */,
				0865AFBB2FB9802C00F0622B /* FirebaseAppCheck */,
				0865AFBD2FB9802C00F0622B /* FirebaseAppDistribution-Beta */,
				0865AFBF2FB9802C00F0622B /* FirebaseAuth */,
				0865AFC12FB9802C00F0622B /* FirebaseAuthCombine-Community */,
				0865AFC32FB9802C00F0622B /* FirebaseCore */,
				0865AFC52FB9802C00F0622B /* FirebaseCrashlytics */,
				0865AFC72FB9802C00F0622B /* FirebaseDatabase */,
				0865AFC92FB9802C00F0622B /* FirebaseDynamicLinks */,
				0865AFCB2FB9802C00F0622B /* FirebaseFirestore */,
				0865AFCD2FB9802C00F0622B /* FirebaseFirestoreCombine-Community */,
				0865AFCF2FB9802C00F0622B /* FirebaseFunctions */,
				0865AFD12FB9802C00F0622B /* FirebaseFunctionsCombine-Community */,
				0865AFD32FB9802C00F0622B /* FirebaseInAppMessaging-Beta */,
				0865AFD52FB9802C00F0622B /* FirebaseInstallations */,
				0865AFD72FB9802C00F0622B /* FirebaseMLModelDownloader */,
				0865AFD92FB9802C00F0622B /* FirebaseMessaging */,
				0865AFDB2FB9802C00F0622B /* FirebasePerformance */,
				0865AFDD2FB9802D00F0622B /* FirebaseRemoteConfig */,
				0865AFDF2FB9802D00F0622B /* FirebaseStorage */,
				0865AFE12FB9802D00F0622B /* FirebaseStorageCombine-Community */,
				0865AFE32FB9802D00F0622B /* FirebaseVertexAI */,
			);
			productName = FIRST_IOS_APP;
			productReference = 0865AF982FB9726800F0622B /* FIRST_IOS_APP.app */;
			productType = "com.apple.product-type.application";
		};
/* End PBXNativeTarget section */

/* Begin PBXProject section */
		0865AF902FB9726800F0622B /* Project object */ = {
			isa = PBXProject;
			attributes = {
				BuildIndependentTargetsInParallel = 1;
				LastSwiftUpdateCheck = 2640;
				LastUpgradeCheck = 2640;
				TargetAttributes = {
					0865AF972FB9726800F0622B = {
						CreatedOnToolsVersion = 26.4.1;
					};
				};
			};
			buildConfigurationList = 0865AF932FB9726800F0622B /* Build configuration list for PBXProject "FIRST_IOS_APP" */;
			developmentRegion = en;
			hasScannedForEncodings = 0;
			knownRegions = (
				en,
				Base,
			);
			mainGroup = 0865AF8F2FB9726800F0622B;
			minimizedProjectReferenceProxies = 1;
			packageReferences = (
				0865AFB42FB9802C00F0622B /* XCRemoteSwiftPackageReference "firebase-ios-sdk" */,
			);
			preferredProjectObjectVersion = 77;
			productRefGroup = 0865AF992FB9726800F0622B /* Products */;
			projectDirPath = "";
			projectRoot = "";
			targets = (
				0865AF972FB9726800F0622B /* FIRST_IOS_APP */,
			);
		};
/* End PBXProject section */

/* Begin PBXResourcesBuildPhase section */
		0865AF962FB9726800F0622B /* Resources */ = {
			isa = PBXResourcesBuildPhase;
			buildActionMask = 2147483647;
			files = (
				08374A362FC2F04C00C98EA2 /* README.md in Resources */,
			);
			runOnlyForDeploymentPostprocessing = 0;
		};
/* End PBXResourcesBuildPhase section */

/* Begin PBXSourcesBuildPhase section */
		0865AF942FB9726800F0622B /* Sources */ = {
			isa = PBXSourcesBuildPhase;
			buildActionMask = 2147483647;
			files = (
			);
			runOnlyForDeploymentPostprocessing = 0;
		};
/* End PBXSourcesBuildPhase section */

/* Begin XCBuildConfiguration section */
		0865AFAC2FB9726A00F0622B /* Debug */ = {
			isa = XCBuildConfiguration;
			buildSettings = {
				ASSETCATALOG_COMPILER_APPICON_NAME = AppIcon;
				ASSETCATALOG_COMPILER_GLOBAL_ACCENT_COLOR_NAME = AccentColor;
				CODE_SIGN_STYLE = Automatic;
				CURRENT_PROJECT_VERSION = 1;
				GENERATE_INFOPLIST_FILE = YES;
				INFOPLIST_FILE = FIRST_IOS_APP/Info.plist;
				INFOPLIST_KEY_UIApplicationSupportsIndirectInputEvents = YES;
				INFOPLIST_KEY_UILaunchStoryboardName = LaunchScreen;
				INFOPLIST_KEY_UIMainStoryboardFile = Main;
				INFOPLIST_KEY_UISupportedInterfaceOrientations_iPad = "UIInterfaceOrientationPortrait UIInterfaceOrientationPortraitUpsideDown UIInterfaceOrientationLandscapeLeft UIInterfaceOrientationLandscapeRight";
				INFOPLIST_KEY_UISupportedInterfaceOrientations_iPhone = "UIInterfaceOrientationPortrait UIInterfaceOrientationLandscapeLeft UIInterfaceOrientationLandscapeRight";
				LD_RUNPATH_SEARCH_PATHS = (
					"$(inherited)",
					"@executable_path/Frameworks",
				);
				MARKETING_VERSION = 1.0;
				PRODUCT_BUNDLE_IDENTIFIER = au.edu.utas.leqh.houseapp;
				PRODUCT_NAME = "$(TARGET_NAME)";
				STRING_CATALOG_GENERATE_SYMBOLS = YES;
				SWIFT_APPROACHABLE_CONCURRENCY = YES;
				SWIFT_DEFAULT_ACTOR_ISOLATION = MainActor;
				SWIFT_EMIT_LOC_STRINGS = YES;
				SWIFT_UPCOMING_FEATURE_MEMBER_IMPORT_VISIBILITY = YES;
				SWIFT_VERSION = 5.0;
				TARGETED_DEVICE_FAMILY = "1,2";
			};
			name = Debug;
		};
		0865AFAD2FB9726A00F0622B /* Release */ = {
			isa = XCBuildConfiguration;
			buildSettings = {
				ASSETCATALOG_COMPILER_APPICON_NAME = AppIcon;
				ASSETCATALOG_COMPILER_GLOBAL_ACCENT_COLOR_NAME = AccentColor;
				CODE_SIGN_STYLE = Automatic;
				CURRENT_PROJECT_VERSION = 1;
				GENERATE_INFOPLIST_FILE = YES;
				INFOPLIST_FILE = FIRST_IOS_APP/Info.plist;
				INFOPLIST_KEY_UIApplicationSupportsIndirectInputEvents = YES;
				INFOPLIST_KEY_UILaunchStoryboardName = LaunchScreen;
				INFOPLIST_KEY_UIMainStoryboardFile = Main;
				INFOPLIST_KEY_UISupportedInterfaceOrientations_iPad = "UIInterfaceOrientationPortrait UIInterfaceOrientationPortraitUpsideDown UIInterfaceOrientationLandscapeLeft UIInterfaceOrientationLandscapeRight";
				INFOPLIST_KEY_UISupportedInterfaceOrientations_iPhone = "UIInterfaceOrientationPortrait UIInterfaceOrientationLandscapeLeft UIInterfaceOrientationLandscapeRight";
				LD_RUNPATH_SEARCH_PATHS = (
					"$(inherited)",
					"@executable_path/Frameworks",
				);
				MARKETING_VERSION = 1.0;
				PRODUCT_BUNDLE_IDENTIFIER = au.edu.utas.leqh.houseapp;
				PRODUCT_NAME = "$(TARGET_NAME)";
				STRING_CATALOG_GENERATE_SYMBOLS = YES;
				SWIFT_APPROACHABLE_CONCURRENCY = YES;
				SWIFT_DEFAULT_ACTOR_ISOLATION = MainActor;
				SWIFT_EMIT_LOC_STRINGS = YES;
				SWIFT_UPCOMING_FEATURE_MEMBER_IMPORT_VISIBILITY = YES;
				SWIFT_VERSION = 5.0;
				TARGETED_DEVICE_FAMILY = "1,2";
			};
			name = Release;
		};
		0865AFAE2FB9726A00F0622B /* Debug */ = {
			isa = XCBuildConfiguration;
			buildSettings = {
				ALWAYS_SEARCH_USER_PATHS = NO;
				ASSETCATALOG_COMPILER_GENERATE_SWIFT_ASSET_SYMBOL_EXTENSIONS = YES;
				CLANG_ANALYZER_NONNULL = YES;
				CLANG_ANALYZER_NUMBER_OBJECT_CONVERSION = YES_AGGRESSIVE;
				CLANG_CXX_LANGUAGE_STANDARD = "gnu++20";
				CLANG_ENABLE_MODULES = YES;
				CLANG_ENABLE_OBJC_ARC = YES;
				CLANG_ENABLE_OBJC_WEAK = YES;
				CLANG_WARN_BLOCK_CAPTURE_AUTORELEASING = YES;
				CLANG_WARN_BOOL_CONVERSION = YES;
				CLANG_WARN_COMMA = YES;
				CLANG_WARN_CONSTANT_CONVERSION = YES;
				CLANG_WARN_DEPRECATED_OBJC_IMPLEMENTATIONS = YES;
				CLANG_WARN_DIRECT_OBJC_ISA_USAGE = YES_ERROR;
				CLANG_WARN_DOCUMENTATION_COMMENTS = YES;
				CLANG_WARN_EMPTY_BODY = YES;
				CLANG_WARN_ENUM_CONVERSION = YES;
				CLANG_WARN_INFINITE_RECURSION = YES;
				CLANG_WARN_INT_CONVERSION = YES;
				CLANG_WARN_NON_LITERAL_NULL_CONVERSION = YES;
				CLANG_WARN_OBJC_IMPLICIT_RETAIN_SELF = YES;
				CLANG_WARN_OBJC_LITERAL_CONVERSION = YES;
				CLANG_WARN_OBJC_ROOT_CLASS = YES_ERROR;
				CLANG_WARN_QUOTED_INCLUDE_IN_FRAMEWORK_HEADER = YES;
				CLANG_WARN_RANGE_LOOP_ANALYSIS = YES;
				CLANG_WARN_STRICT_PROTOTYPES = YES;
				CLANG_WARN_SUSPICIOUS_MOVE = YES;
				CLANG_WARN_UNGUARDED_AVAILABILITY = YES_AGGRESSIVE;
				CLANG_WARN_UNREACHABLE_CODE = YES;
				CLANG_WARN__DUPLICATE_METHOD_MATCH = YES;
				COPY_PHASE_STRIP = NO;
				DEBUG_INFORMATION_FORMAT = dwarf;
				ENABLE_STRICT_OBJC_MSGSEND = YES;
				ENABLE_TESTABILITY = YES;
				ENABLE_USER_SCRIPT_SANDBOXING = YES;
				GCC_C_LANGUAGE_STANDARD = gnu17;
				GCC_DYNAMIC_NO_PIC = NO;
				GCC_NO_COMMON_BLOCKS = YES;
				GCC_OPTIMIZATION_LEVEL = 0;
				GCC_PREPROCESSOR_DEFINITIONS = (
					"DEBUG=1",
					"$(inherited)",
				);
				GCC_WARN_64_TO_32_BIT_CONVERSION = YES;
				GCC_WARN_ABOUT_RETURN_TYPE = YES_ERROR;
				GCC_WARN_UNDECLARED_SELECTOR = YES;
				GCC_WARN_UNINITIALIZED_AUTOS = YES_AGGRESSIVE;
				GCC_WARN_UNUSED_FUNCTION = YES;
				GCC_WARN_UNUSED_VARIABLE = YES;
				IPHONEOS_DEPLOYMENT_TARGET = 26.4;
				LOCALIZATION_PREFERS_STRING_CATALOGS = YES;
				MTL_ENABLE_DEBUG_INFO = INCLUDE_SOURCE;
				MTL_FAST_MATH = YES;
				ONLY_ACTIVE_ARCH = YES;
				SDKROOT = iphoneos;
				SWIFT_ACTIVE_COMPILATION_CONDITIONS = "DEBUG $(inherited)";
				SWIFT_OPTIMIZATION_LEVEL = "-Onone";
			};
			name = Debug;
		};
		0865AFAF2FB9726A00F0622B /* Release */ = {
			isa = XCBuildConfiguration;
			buildSettings = {
				ALWAYS_SEARCH_USER_PATHS = NO;
				ASSETCATALOG_COMPILER_GENERATE_SWIFT_ASSET_SYMBOL_EXTENSIONS = YES;
				CLANG_ANALYZER_NONNULL = YES;
				CLANG_ANALYZER_NUMBER_OBJECT_CONVERSION = YES_AGGRESSIVE;
				CLANG_CXX_LANGUAGE_STANDARD = "gnu++20";
				CLANG_ENABLE_MODULES = YES;
				CLANG_ENABLE_OBJC_ARC = YES;
				CLANG_ENABLE_OBJC_WEAK = YES;
				CLANG_WARN_BLOCK_CAPTURE_AUTORELEASING = YES;
				CLANG_WARN_BOOL_CONVERSION = YES;
				CLANG_WARN_COMMA = YES;
				CLANG_WARN_CONSTANT_CONVERSION = YES;
				CLANG_WARN_DEPRECATED_OBJC_IMPLEMENTATIONS = YES;
				CLANG_WARN_DIRECT_OBJC_ISA_USAGE = YES_ERROR;
				CLANG_WARN_DOCUMENTATION_COMMENTS = YES;
				CLANG_WARN_EMPTY_BODY = YES;
				CLANG_WARN_ENUM_CONVERSION = YES;
				CLANG_WARN_INFINITE_RECURSION = YES;
				CLANG_WARN_INT_CONVERSION = YES;
				CLANG_WARN_NON_LITERAL_NULL_CONVERSION = YES;
				CLANG_WARN_OBJC_IMPLICIT_RETAIN_SELF = YES;
				CLANG_WARN_OBJC_LITERAL_CONVERSION = YES;
				CLANG_WARN_OBJC_ROOT_CLASS = YES_ERROR;
				CLANG_WARN_QUOTED_INCLUDE_IN_FRAMEWORK_HEADER = YES;
				CLANG_WARN_RANGE_LOOP_ANALYSIS = YES;
				CLANG_WARN_STRICT_PROTOTYPES = YES;
				CLANG_WARN_SUSPICIOUS_MOVE = YES;
				CLANG_WARN_UNGUARDED_AVAILABILITY = YES_AGGRESSIVE;
				CLANG_WARN_UNREACHABLE_CODE = YES;
				CLANG_WARN__DUPLICATE_METHOD_MATCH = YES;
				COPY_PHASE_STRIP = NO;
				DEBUG_INFORMATION_FORMAT = "dwarf-with-dsym";
				ENABLE_NS_ASSERTIONS = NO;
				ENABLE_STRICT_OBJC_MSGSEND = YES;
				ENABLE_USER_SCRIPT_SANDBOXING = YES;
				GCC_C_LANGUAGE_STANDARD = gnu17;
				GCC_NO_COMMON_BLOCKS = YES;
				GCC_WARN_64_TO_32_BIT_CONVERSION = YES;
				GCC_WARN_ABOUT_RETURN_TYPE = YES_ERROR;
				GCC_WARN_UNDECLARED_SELECTOR = YES;
				GCC_WARN_UNINITIALIZED_AUTOS = YES_AGGRESSIVE;
				GCC_WARN_UNUSED_FUNCTION = YES;
				GCC_WARN_UNUSED_VARIABLE = YES;
				IPHONEOS_DEPLOYMENT_TARGET = 26.4;
				LOCALIZATION_PREFERS_STRING_CATALOGS = YES;
				MTL_ENABLE_DEBUG_INFO = NO;
				MTL_FAST_MATH = YES;
				SDKROOT = iphoneos;
				SWIFT_COMPILATION_MODE = wholemodule;
				VALIDATE_PRODUCT = YES;
			};
			name = Release;
		};
/* End XCBuildConfiguration section */

/* Begin XCConfigurationList section */
		0865AF932FB9726800F0622B /* Build configuration list for PBXProject "FIRST_IOS_APP" */ = {
			isa = XCConfigurationList;
			buildConfigurations = (
				0865AFAE2FB9726A00F0622B /* Debug */,
				0865AFAF2FB9726A00F0622B /* Release */,
			);
			defaultConfigurationIsVisible = 0;
			defaultConfigurationName = Release;
		};
		0865AFAB2FB9726A00F0622B /* Build configuration list for PBXNativeTarget "FIRST_IOS_APP" */ = {
			isa = XCConfigurationList;
			buildConfigurations = (
				0865AFAC2FB9726A00F0622B /* Debug */,
				0865AFAD2FB9726A00F0622B /* Release */,
			);
			defaultConfigurationIsVisible = 0;
			defaultConfigurationName = Release;
		};
/* End XCConfigurationList section */

/* Begin XCRemoteSwiftPackageReference section */
		0865AFB42FB9802C00F0622B /* XCRemoteSwiftPackageReference "firebase-ios-sdk" */ = {
			isa = XCRemoteSwiftPackageReference;
			repositoryURL = "https://github.com/firebase/firebase-ios-sdk";
			requirement = {
				kind = exactVersion;
				version = 11.8.0;
			};
		};
/* End XCRemoteSwiftPackageReference section */

/* Begin XCSwiftPackageProductDependency section */
		0865AFB52FB9802C00F0622B /* FirebaseAnalytics */ = {
			isa = XCSwiftPackageProductDependency;
			package = 0865AFB42FB9802C00F0622B /* XCRemoteSwiftPackageReference "firebase-ios-sdk" */;
			productName = FirebaseAnalytics;
		};
		0865AFB72FB9802C00F0622B /* FirebaseAnalyticsOnDeviceConversion */ = {
			isa = XCSwiftPackageProductDependency;
			package = 0865AFB42FB9802C00F0622B /* XCRemoteSwiftPackageReference "firebase-ios-sdk" */;
			productName = FirebaseAnalyticsOnDeviceConversion;
		};
		0865AFB92FB9802C00F0622B /* FirebaseAnalyticsWithoutAdIdSupport */ = {
			isa = XCSwiftPackageProductDependency;
			package = 0865AFB42FB9802C00F0622B /* XCRemoteSwiftPackageReference "firebase-ios-sdk" */;
			productName = FirebaseAnalyticsWithoutAdIdSupport;
		};
		0865AFBB2FB9802C00F0622B /* FirebaseAppCheck */ = {
			isa = XCSwiftPackageProductDependency;
			package = 0865AFB42FB9802C00F0622B /* XCRemoteSwiftPackageReference "firebase-ios-sdk" */;
			productName = FirebaseAppCheck;
		};
		0865AFBD2FB9802C00F0622B /* FirebaseAppDistribution-Beta */ = {
			isa = XCSwiftPackageProductDependency;
			package = 0865AFB42FB9802C00F0622B /* XCRemoteSwiftPackageReference "firebase-ios-sdk" */;
			productName = "FirebaseAppDistribution-Beta";
		};
		0865AFBF2FB9802C00F0622B /* FirebaseAuth */ = {
			isa = XCSwiftPackageProductDependency;
			package = 0865AFB42FB9802C00F0622B /* XCRemoteSwiftPackageReference "firebase-ios-sdk" */;
			productName = FirebaseAuth;
		};
		0865AFC12FB9802C00F0622B /* FirebaseAuthCombine-Community */ = {
			isa = XCSwiftPackageProductDependency;
			package = 0865AFB42FB9802C00F0622B /* XCRemoteSwiftPackageReference "firebase-ios-sdk" */;
			productName = "FirebaseAuthCombine-Community";
		};
		0865AFC32FB9802C00F0622B /* FirebaseCore */ = {
			isa = XCSwiftPackageProductDependency;
			package = 0865AFB42FB9802C00F0622B /* XCRemoteSwiftPackageReference "firebase-ios-sdk" */;
			productName = FirebaseCore;
		};
		0865AFC52FB9802C00F0622B /* FirebaseCrashlytics */ = {
			isa = XCSwiftPackageProductDependency;
			package = 0865AFB42FB9802C00F0622B /* XCRemoteSwiftPackageReference "firebase-ios-sdk" */;
			productName = FirebaseCrashlytics;
		};
		0865AFC72FB9802C00F0622B /* FirebaseDatabase */ = {
			isa = XCSwiftPackageProductDependency;
			package = 0865AFB42FB9802C00F0622B /* XCRemoteSwiftPackageReference "firebase-ios-sdk" */;
			productName = FirebaseDatabase;
		};
		0865AFC92FB9802C00F0622B /* FirebaseDynamicLinks */ = {
			isa = XCSwiftPackageProductDependency;
			package = 0865AFB42FB9802C00F0622B /* XCRemoteSwiftPackageReference "firebase-ios-sdk" */;
			productName = FirebaseDynamicLinks;
		};
		0865AFCB2FB9802C00F0622B /* FirebaseFirestore */ = {
			isa = XCSwiftPackageProductDependency;
			package = 0865AFB42FB9802C00F0622B /* XCRemoteSwiftPackageReference "firebase-ios-sdk" */;
			productName = FirebaseFirestore;
		};
		0865AFCD2FB9802C00F0622B /* FirebaseFirestoreCombine-Community */ = {
			isa = XCSwiftPackageProductDependency;
			package = 0865AFB42FB9802C00F0622B /* XCRemoteSwiftPackageReference "firebase-ios-sdk" */;
			productName = "FirebaseFirestoreCombine-Community";
		};
		0865AFCF2FB9802C00F0622B /* FirebaseFunctions */ = {
			isa = XCSwiftPackageProductDependency;
			package = 0865AFB42FB9802C00F0622B /* XCRemoteSwiftPackageReference "firebase-ios-sdk" */;
			productName = FirebaseFunctions;
		};
		0865AFD12FB9802C00F0622B /* FirebaseFunctionsCombine-Community */ = {
			isa = XCSwiftPackageProductDependency;
			package = 0865AFB42FB9802C00F0622B /* XCRemoteSwiftPackageReference "firebase-ios-sdk" */;
			productName = "FirebaseFunctionsCombine-Community";
		};
		0865AFD32FB9802C00F0622B /* FirebaseInAppMessaging-Beta */ = {
			isa = XCSwiftPackageProductDependency;
			package = 0865AFB42FB9802C00F0622B /* XCRemoteSwiftPackageReference "firebase-ios-sdk" */;
			productName = "FirebaseInAppMessaging-Beta";
		};
		0865AFD52FB9802C00F0622B /* FirebaseInstallations */ = {
			isa = XCSwiftPackageProductDependency;
			package = 0865AFB42FB9802C00F0622B /* XCRemoteSwiftPackageReference "firebase-ios-sdk" */;
			productName = FirebaseInstallations;
		};
		0865AFD72FB9802C00F0622B /* FirebaseMLModelDownloader */ = {
			isa = XCSwiftPackageProductDependency;
			package = 0865AFB42FB9802C00F0622B /* XCRemoteSwiftPackageReference "firebase-ios-sdk" */;
			productName = FirebaseMLModelDownloader;
		};
		0865AFD92FB9802C00F0622B /* FirebaseMessaging */ = {
			isa = XCSwiftPackageProductDependency;
			package = 0865AFB42FB9802C00F0622B /* XCRemoteSwiftPackageReference "firebase-ios-sdk" */;
			productName = FirebaseMessaging;
		};
		0865AFDB2FB9802C00F0622B /* FirebasePerformance */ = {
			isa = XCSwiftPackageProductDependency;
			package = 0865AFB42FB9802C00F0622B /* XCRemoteSwiftPackageReference "firebase-ios-sdk" */;
			productName = FirebasePerformance;
		};
		0865AFDD2FB9802D00F0622B /* FirebaseRemoteConfig */ = {
			isa = XCSwiftPackageProductDependency;
			package = 0865AFB42FB9802C00F0622B /* XCRemoteSwiftPackageReference "firebase-ios-sdk" */;
			productName = FirebaseRemoteConfig;
		};
		0865AFDF2FB9802D00F0622B /* FirebaseStorage */ = {
			isa = XCSwiftPackageProductDependency;
			package = 0865AFB42FB9802C00F0622B /* XCRemoteSwiftPackageReference "firebase-ios-sdk" */;
			productName = FirebaseStorage;
		};
		0865AFE12FB9802D00F0622B /* FirebaseStorageCombine-Community */ = {
			isa = XCSwiftPackageProductDependency;
			package = 0865AFB42FB9802C00F0622B /* XCRemoteSwiftPackageReference "firebase-ios-sdk" */;
			productName = "FirebaseStorageCombine-Community";
		};
		0865AFE32FB9802D00F0622B /* FirebaseVertexAI */ = {
			isa = XCSwiftPackageProductDependency;
			package = 0865AFB42FB9802C00F0622B /* XCRemoteSwiftPackageReference "firebase-ios-sdk" */;
			productName = FirebaseVertexAI;
		};
/* End XCSwiftPackageProductDependency section */
	};
	rootObject = 0865AF902FB9726800F0622B /* Project object */;
}
